
Microsoft Visual Studio Solution File, Format Version 12.00
# Visual Studio Version 16
VisualStudioVersion = 16.0.30804.86
MinimumVisualStudioVersion = 10.0.40219.1
Project("{8BC9CEB8-8B4A-11D0-8D11-00A0C91BC942}") = "Athena2D", "Sources\Athena2D\Athena2D.vcxproj", "{56659600-D107-4AEA-878F-C88B2785B81A}"
EndProject
Project("{8BC9CEB8-8B4A-11D0-8D11-00A0C91BC942}") = "Utils", "Sources\Utils\Utils.vcxproj", "{DF7B5FCE-8D77-4673-8AD0-A942E1135A6C}"
EndProject
Project("{8BC9CEB8-8B4A-11D0-8D11-00A0C91BC942}") = "Console", "Sources\Console\Console.vcxproj", "{DEBD7400-C0DE-4F95-A035-98A20DEF1418}"
EndProject
Project("{8BC9CEB8-8B4A-11D0-8D11-00A0C91BC942}") = "Filesystem", "Sources\Filesystem\Filesystem.vcxproj", "{7B3400EE-1BCE-4729-A407-E0F008EE0FD3}"
EndProject
Global
	GlobalSection(SolutionConfigurationPlatforms) = preSolution
		Debug|x64 = Debug|x64
		Debug|x86 = Debug|x86
		Release|x64 = Release|x64
		Release|x86 = Release|x86
	EndGlobalSection
	GlobalSection(ProjectConfigurationPlatforms) = postSolution
		{56659600-D107-4AEA-878F-C88B2785B81A}.Debug|x64.ActiveCfg = Debug|x64
		{56659600-D107-4AEA-878F-C88B2785B81A}.Debug|x64.Build.0 = Debug|x64
		{56659600-D107-4AEA-878F-C88B2785B81A}.Debug|x86.ActiveCfg = Debug|Win32
		{56659600-D107-4AEA-878F-C88B2785B81A}.Debug|x86.Build.0 = Debug|Win32
		{56659600-D107-4AEA-878F-C88B2785B81A}.Release|x64.ActiveCfg = Release|x64
		{56659600-D107-4AEA-878F-C88B2785B81A}.Release|x64.Build.0 = Release|x64
		{56659600-D107-4AEA-878F-C88B2785B81A}.Release|x86.ActiveCfg = Release|Win32
		{56659600-D107-4AEA-878F-C88B2785B81A}.Release|x86.Build.0 = Release|Win32
		{DF7B5FCE-8D77-4673-8AD0-A942E1135A6C}.Debug|x64.ActiveCfg = Debug|x64
		{DF7B5FCE-8D77-4673-8AD0-A942E1135A6C}.Debug|x64.Build.0 = Debug|x64
		{DF7B5FCE-8D77-4673-8AD0-A942E1135A6C}.Debug|x86.ActiveCfg = Debug|Win32
		{DF7B5FCE-8D77-4673-8AD0-A942E1135A6C}.Debug|x86.Build.0 = Debug|Win32
		{DF7B5FCE-8D77-4673-8AD0-A942E1135A6C}.Release|x64.ActiveCfg = Release|x64
		{DF7B5FCE-8D77-4673-8AD0-A942E1135A6C}.Release|x64.Build.0 = Release|x64
		{DF7B5FCE-8D77-4673-8AD0-A942E1135A6C}.Release|x86.ActiveCfg = Release|Win32
		{DF7B5FCE-8D77-4673-8AD0-A942E1135A6C}.Release|x86.Build.0 = Release|Win32
		{DEBD7400-C0DE-4F95-A035-98A20DEF1418}.Debug|x64.ActiveCfg = Debug|x64
		{DEBD7400-C0DE-4F95-A035-98A20DEF1418}.Debug|x64.Build.0 = Debug|x64
		{DEBD7400-C0DE-4F95-A035-98A20DEF1418}.Debug|x86.ActiveCfg = Debug|Win32
		{DEBD7400-C0DE-4F95-A035-98A20DEF1418}.Debug|x86.Build.0 = Debug|Win32
		{DEBD7400-C0DE-4F95-A035-98A20DEF1418}.Release|x64.ActiveCfg = Release|x64
		{DEBD7400-C0DE-4F95-A035-98A20DEF1418}.Release|x64.Build.0 = Release|x64
		{DEBD7400-C0DE-4F95-A035-98A20DEF1418}.Release|x86.ActiveCfg = Release|Win32
		{DEBD7400-C0DE-4F95-A035-98A20DEF1418}.Release|x86.Build.0 = Release|Win32
		{7B3400EE-1BCE-4729-A407-E0F008EE0FD3}.Debug|x64.ActiveCfg = Debug|x64
		{7B3400EE-1BCE-4729-A407-E0F008EE0FD3}.Debug|x64.Build.0 = Debug|x64
		{7B3400EE-1BCE-4729-A407-E0F008EE0FD3}.Debug|x86.ActiveCfg = Debug|Win32
		{7B3400EE-1BCE-4729-A407-E0F008EE0FD3}.Debug|x86.Build.0 = Debug|Win32
		{7B3400EE-1BCE-4729-A407-E0F008EE0FD3}.Release|x64.ActiveCfg = Release|x64
		{7B3400EE-1BCE-4729-A407-E0F008EE0FD3}.Release|x64.Build.0 = Release|x64
		{7B3400EE-1BCE-4729-A407-E0F008EE0FD3}.Release|x86.ActiveCfg = Release|Win32
		{7B3400EE-1BCE-4729-A407-E0F008EE0FD3}.Release|x86.Build.0 = Release|Win32
	EndGlobalSection
	GlobalSection(SolutionProperties) = preSolution
		HideSolutionNode = FALSE
	EndGlobalSection
	GlobalSection(ExtensibilityGlobals) = postSolution
		SolutionGuid = {AAF8C305-5811-413E-9ACA-90C181EC5715}
	EndGlobalSection
EndGlobal
